
Microsoft Visual Studio Solution File, Format Version 12.00
# Visual Studio 15
VisualStudioVersion = 15.0.27428.2002
MinimumVisualStudioVersion = 10.0.40219.1
Project("{9A19103F-16F7-4668-BE54-9A1E7A4F7556}") = "01.SmallestOfThreeNumbers", "01.SmallestOfThreeNumbers\01.SmallestOfThreeNumbers.csproj", "{1E707F8E-D335-4C9A-BE69-3AAAFA4569ED}"
EndProject
Project("{9A19103F-16F7-4668-BE54-9A1E7A4F7556}") = "02.VowelsCount", "02.VowelsCount\02.VowelsCount.csproj", "{3A49F7BD-E496-463B-9529-F4C2FFAD69EB}"
EndProject
Project("{9A19103F-16F7-4668-BE54-9A1E7A4F7556}") = "03.CharactersInRange", "03.CharactersInRange\03.CharactersInRange.csproj", "{595164DB-A45B-4F44-BFB2-BDA0478F7920}"
EndProject
Project("{9A19103F-16F7-4668-BE54-9A1E7A4F7556}") = "04.PasswordValidator", "04.PasswordValidator\04.PasswordValidator.csproj", "{E049133B-37EE-4E09-B5A6-F3D7BAC52F77}"
EndProject
Project("{9A19103F-16F7-4668-BE54-9A1E7A4F7556}") = "05.AddAndSubtract", "05.AddAndSubtract\05.AddAndSubtract.csproj", "{7B82C701-A7B4-4F78-A1AE-54F1FCFD9D31}"
EndProject
Project("{9A19103F-16F7-4668-BE54-9A1E7A4F7556}") = "06.MiddleCharacters", "06.MiddleCharacters\06.MiddleCharacters.csproj", "{8D65C9ED-F5B3-4FAE-83BF-A443C7416371}"
EndProject
Project("{9A19103F-16F7-4668-BE54-9A1E7A4F7556}") = "07.NxN atrix", "07.NxN atrix\07.NxN atrix.csproj", "{80C7026A-8D92-4208-9A62-19397A1542AD}"
EndProject
Project("{9A19103F-16F7-4668-BE54-9A1E7A4F7556}") = "08.FactorialDivision", "08.FactorialDivision\08.FactorialDivision.csproj", "{5E30A563-5FF3-4677-AA2D-AADC1CAAF5ED}"
EndProject
Project("{9A19103F-16F7-4668-BE54-9A1E7A4F7556}") = "09.PalindromeIntegers", "09.PalindromeIntegers\09.PalindromeIntegers.csproj", "{E7EA9512-DFE3-4EA4-B42C-580FEE5C7866}"
EndProject
Project("{9A19103F-16F7-4668-BE54-9A1E7A4F7556}") = "10.TopNumber", "10.TopNumber\10.TopNumber.csproj", "{00690CF7-9B7C-4647-862E-2C195A9FB6CC}"
EndProject
Project("{FAE04EC0-301F-11D3-BF4B-00C04F79EFBC}") = "11.ArrayManipulator", "11.ArrayManipulator\11.ArrayManipulator.csproj", "{880F7154-F797-4CF7-A8A6-7686373DEBF4}"
EndProject
Global
	GlobalSection(SolutionConfigurationPlatforms) = preSolution
		Debug|Any CPU = Debug|Any CPU
		Release|Any CPU = Release|Any CPU
	EndGlobalSection
	GlobalSection(ProjectConfigurationPlatforms) = postSolution
		{1E707F8E-D335-4C9A-BE69-3AAAFA4569ED}.Debug|Any CPU.ActiveCfg = Debug|Any CPU
		{1E707F8E-D335-4C9A-BE69-3AAAFA4569ED}.Debug|Any CPU.Build.0 = Debug|Any CPU
		{1E707F8E-D335-4C9A-BE69-3AAAFA4569ED}.Release|Any CPU.ActiveCfg = Release|Any CPU
		{1E707F8E-D335-4C9A-BE69-3AAAFA4569ED}.Release|Any CPU.Build.0 = Release|Any CPU
		{3A49F7BD-E496-463B-9529-F4C2FFAD69EB}.Debug|Any CPU.ActiveCfg = Debug|Any CPU
		{3A49F7BD-E496-463B-9529-F4C2FFAD69EB}.Debug|Any CPU.Build.0 = Debug|Any CPU
		{3A49F7BD-E496-463B-9529-F4C2FFAD69EB}.Release|Any CPU.ActiveCfg = Release|Any CPU
		{3A49F7BD-E496-463B-9529-F4C2FFAD69EB}.Release|Any CPU.Build.0 = Release|Any CPU
		{595164DB-A45B-4F44-BFB2-BDA0478F7920}.Debug|Any CPU.ActiveCfg = Debug|Any CPU
		{595164DB-A45B-4F44-BFB2-BDA0478F7920}.Debug|Any CPU.Build.0 = Debug|Any CPU
		{595164DB-A45B-4F44-BFB2-BDA0478F7920}.Release|Any CPU.ActiveCfg = Release|Any CPU
		{595164DB-A45B-4F44-BFB2-BDA0478F7920}.Release|Any CPU.Build.0 = Release|Any CPU
		{E049133B-37EE-4E09-B5A6-F3D7BAC52F77}.Debug|Any CPU.ActiveCfg = Debug|Any CPU
		{E049133B-37EE-4E09-B5A6-F3D7BAC52F77}.Debug|Any CPU.Build.0 = Debug|Any CPU
		{E049133B-37EE-4E09-B5A6-F3D7BAC52F77}.Release|Any CPU.ActiveCfg = Release|Any CPU
		{E049133B-37EE-4E09-B5A6-F3D7BAC52F77}.Release|Any CPU.Build.0 = Release|Any CPU
		{7B82C701-A7B4-4F78-A1AE-54F1FCFD9D31}.Debug|Any CPU.ActiveCfg = Debug|Any CPU
		{7B82C701-A7B4-4F78-A1AE-54F1FCFD9D31}.Debug|Any CPU.Build.0 = Debug|Any CPU
		{7B82C701-A7B4-4F78-A1AE-54F1FCFD9D31}.Release|Any CPU.ActiveCfg = Release|Any CPU
		{7B82C701-A7B4-4F78-A1AE-54F1FCFD9D31}.Release|Any CPU.Build.0 = Release|Any CPU
		{8D65C9ED-F5B3-4FAE-83BF-A443C7416371}.Debug|Any CPU.ActiveCfg = Debug|Any CPU
		{8D65C9ED-F5B3-4FAE-83BF-A443C7416371}.Debug|Any CPU.Build.0 = Debug|Any CPU
		{8D65C9ED-F5B3-4FAE-83BF-A443C7416371}.Release|Any CPU.ActiveCfg = Release|Any CPU
		{8D65C9ED-F5B3-4FAE-83BF-A443C7416371}.Release|Any CPU.Build.0 = Release|Any CPU
		{80C7026A-8D92-4208-9A62-19397A1542AD}.Debug|Any CPU.ActiveCfg = Debug|Any CPU
		{80C7026A-8D92-4208-9A62-19397A1542AD}.Debug|Any CPU.Build.0 = Debug|Any CPU
		{80C7026A-8D92-4208-9A62-19397A1542AD}.Release|Any CPU.ActiveCfg = Release|Any CPU
		{80C7026A-8D92-4208-9A62-19397A1542AD}.Release|Any CPU.Build.0 = Release|Any CPU
		{5E30A563-5FF3-4677-AA2D-AADC1CAAF5ED}.Debug|Any CPU.ActiveCfg = Debug|Any CPU
		{5E30A563-5FF3-4677-AA2D-AADC1CAAF5ED}.Debug|Any CPU.Build.0 = Debug|Any CPU
		{5E30A563-5FF3-4677-AA2D-AADC1CAAF5ED}.Release|Any CPU.ActiveCfg = Release|Any CPU
		{5E30A563-5FF3-4677-AA2D-AADC1CAAF5ED}.Release|Any CPU.Build.0 = Release|Any CPU
		{E7EA9512-DFE3-4EA4-B42C-580FEE5C7866}.Debug|Any CPU.ActiveCfg = Debug|Any CPU
		{E7EA9512-DFE3-4EA4-B42C-580FEE5C7866}.Debug|Any CPU.Build.0 = Debug|Any CPU
		{E7EA9512-DFE3-4EA4-B42C-580FEE5C7866}.Release|Any CPU.ActiveCfg = Release|Any CPU
		{E7EA9512-DFE3-4EA4-B42C-580FEE5C7866}.Release|Any CPU.Build.0 = Release|Any CPU
		{00690CF7-9B7C-4647-862E-2C195A9FB6CC}.Debug|Any CPU.ActiveCfg = Debug|Any CPU
		{00690CF7-9B7C-4647-862E-2C195A9FB6CC}.Debug|Any CPU.Build.0 = Debug|Any CPU
		{00690CF7-9B7C-4647-862E-2C195A9FB6CC}.Release|Any CPU.ActiveCfg = Release|Any CPU
		{00690CF7-9B7C-4647-862E-2C195A9FB6CC}.Release|Any CPU.Build.0 = Release|Any CPU
		{880F7154-F797-4CF7-A8A6-7686373DEBF4}.Debug|Any CPU.ActiveCfg = Debug|Any CPU
		{880F7154-F797-4CF7-A8A6-7686373DEBF4}.Debug|Any CPU.Build.0 = Debug|Any CPU
		{880F7154-F797-4CF7-A8A6-7686373DEBF4}.Release|Any CPU.ActiveCfg = Release|Any CPU
		{880F7154-F797-4CF7-A8A6-7686373DEBF4}.Release|Any CPU.Build.0 = Release|Any CPU
	EndGlobalSection
	GlobalSection(SolutionProperties) = preSolution
		HideSolutionNode = FALSE
	EndGlobalSection
	GlobalSection(ExtensibilityGlobals) = postSolution
		SolutionGuid = {1FE65A46-943D-424D-967C-253124326474}
	EndGlobalSection
EndGlobal
