
Microsoft Visual Studio Solution File, Format Version 12.00
# Visual Studio 15
VisualStudioVersion = 15.0.27428.2002
MinimumVisualStudioVersion = 10.0.40219.1
Project("{9A19103F-16F7-4668-BE54-9A1E7A4F7556}") = "01.Train", "01.Train\01.Train.csproj", "{DCA4DB4D-B7FF-4886-B413-C4B2DDA8EEFE}"
EndProject
Project("{9A19103F-16F7-4668-BE54-9A1E7A4F7556}") = "02.CommonElements", "02.CommonElements\02.CommonElements.csproj", "{39E697C4-EE32-43D6-823C-BECECC6D68A9}"
EndProject
Project("{9A19103F-16F7-4668-BE54-9A1E7A4F7556}") = "03.ZigZagArrays", "03.ZigZagArrays\03.ZigZagArrays.csproj", "{660CA5C5-0986-4B7F-A86C-4B9C457552C0}"
EndProject
Project("{FAE04EC0-301F-11D3-BF4B-00C04F79EFBC}") = "04.ArrayRotation", "04.ArrayRotation\04.ArrayRotation.csproj", "{2F191680-1214-484D-B8D6-9579FBF7297C}"
EndProject
Project("{FAE04EC0-301F-11D3-BF4B-00C04F79EFBC}") = "05.TopIntegers", "05.TopIntegers\05.TopIntegers.csproj", "{750693AC-3665-42BC-BC7B-177C1CA5A787}"
EndProject
Project("{FAE04EC0-301F-11D3-BF4B-00C04F79EFBC}") = "06.EqualSum", "06.EqualSum\06.EqualSum.csproj", "{6557072D-DCA7-4C7A-A0BB-A044FA4A8D7A}"
EndProject
Project("{FAE04EC0-301F-11D3-BF4B-00C04F79EFBC}") = "07.MaxSequenceOfEqualElements", "07.MaxSequenceOfEqualElements\07.MaxSequenceOfEqualElements.csproj", "{458801A6-83DB-4AE9-9342-F24DF629A15C}"
EndProject
Project("{FAE04EC0-301F-11D3-BF4B-00C04F79EFBC}") = "08.MagicSum", "08.MagicSum\08.MagicSum.csproj", "{4E3FD00D-8DE8-4010-BF1A-B370207D2C7A}"
EndProject
Project("{FAE04EC0-301F-11D3-BF4B-00C04F79EFBC}") = "09.KaminoFactory", "09.KaminoFactory\09.KaminoFactory.csproj", "{B68672E8-CAAD-40E5-AC13-426F17C39B2C}"
EndProject
Project("{FAE04EC0-301F-11D3-BF4B-00C04F79EFBC}") = "10.LadyBugs", "10.LadyBugs\10.LadyBugs.csproj", "{92836214-6EE7-4F89-A173-4C34030B81CA}"
EndProject
Global
	GlobalSection(SolutionConfigurationPlatforms) = preSolution
		Debug|Any CPU = Debug|Any CPU
		Release|Any CPU = Release|Any CPU
	EndGlobalSection
	GlobalSection(ProjectConfigurationPlatforms) = postSolution
		{DCA4DB4D-B7FF-4886-B413-C4B2DDA8EEFE}.Debug|Any CPU.ActiveCfg = Debug|Any CPU
		{DCA4DB4D-B7FF-4886-B413-C4B2DDA8EEFE}.Debug|Any CPU.Build.0 = Debug|Any CPU
		{DCA4DB4D-B7FF-4886-B413-C4B2DDA8EEFE}.Release|Any CPU.ActiveCfg = Release|Any CPU
		{DCA4DB4D-B7FF-4886-B413-C4B2DDA8EEFE}.Release|Any CPU.Build.0 = Release|Any CPU
		{39E697C4-EE32-43D6-823C-BECECC6D68A9}.Debug|Any CPU.ActiveCfg = Debug|Any CPU
		{39E697C4-EE32-43D6-823C-BECECC6D68A9}.Debug|Any CPU.Build.0 = Debug|Any CPU
		{39E697C4-EE32-43D6-823C-BECECC6D68A9}.Release|Any CPU.ActiveCfg = Release|Any CPU
		{39E697C4-EE32-43D6-823C-BECECC6D68A9}.Release|Any CPU.Build.0 = Release|Any CPU
		{660CA5C5-0986-4B7F-A86C-4B9C457552C0}.Debug|Any CPU.ActiveCfg = Debug|Any CPU
		{660CA5C5-0986-4B7F-A86C-4B9C457552C0}.Debug|Any CPU.Build.0 = Debug|Any CPU
		{660CA5C5-0986-4B7F-A86C-4B9C457552C0}.Release|Any CPU.ActiveCfg = Release|Any CPU
		{660CA5C5-0986-4B7F-A86C-4B9C457552C0}.Release|Any CPU.Build.0 = Release|Any CPU
		{2F191680-1214-484D-B8D6-9579FBF7297C}.Debug|Any CPU.ActiveCfg = Debug|Any CPU
		{2F191680-1214-484D-B8D6-9579FBF7297C}.Debug|Any CPU.Build.0 = Debug|Any CPU
		{2F191680-1214-484D-B8D6-9579FBF7297C}.Release|Any CPU.ActiveCfg = Release|Any CPU
		{2F191680-1214-484D-B8D6-9579FBF7297C}.Release|Any CPU.Build.0 = Release|Any CPU
		{750693AC-3665-42BC-BC7B-177C1CA5A787}.Debug|Any CPU.ActiveCfg = Debug|Any CPU
		{750693AC-3665-42BC-BC7B-177C1CA5A787}.Debug|Any CPU.Build.0 = Debug|Any CPU
		{750693AC-3665-42BC-BC7B-177C1CA5A787}.Release|Any CPU.ActiveCfg = Release|Any CPU
		{750693AC-3665-42BC-BC7B-177C1CA5A787}.Release|Any CPU.Build.0 = Release|Any CPU
		{6557072D-DCA7-4C7A-A0BB-A044FA4A8D7A}.Debug|Any CPU.ActiveCfg = Debug|Any CPU
		{6557072D-DCA7-4C7A-A0BB-A044FA4A8D7A}.Debug|Any CPU.Build.0 = Debug|Any CPU
		{6557072D-DCA7-4C7A-A0BB-A044FA4A8D7A}.Release|Any CPU.ActiveCfg = Release|Any CPU
		{6557072D-DCA7-4C7A-A0BB-A044FA4A8D7A}.Release|Any CPU.Build.0 = Release|Any CPU
		{458801A6-83DB-4AE9-9342-F24DF629A15C}.Debug|Any CPU.ActiveCfg = Debug|Any CPU
		{458801A6-83DB-4AE9-9342-F24DF629A15C}.Debug|Any CPU.Build.0 = Debug|Any CPU
		{458801A6-83DB-4AE9-9342-F24DF629A15C}.Release|Any CPU.ActiveCfg = Release|Any CPU
		{458801A6-83DB-4AE9-9342-F24DF629A15C}.Release|Any CPU.Build.0 = Release|Any CPU
		{4E3FD00D-8DE8-4010-BF1A-B370207D2C7A}.Debug|Any CPU.ActiveCfg = Debug|Any CPU
		{4E3FD00D-8DE8-4010-BF1A-B370207D2C7A}.Debug|Any CPU.Build.0 = Debug|Any CPU
		{4E3FD00D-8DE8-4010-BF1A-B370207D2C7A}.Release|Any CPU.ActiveCfg = Release|Any CPU
		{4E3FD00D-8DE8-4010-BF1A-B370207D2C7A}.Release|Any CPU.Build.0 = Release|Any CPU
		{B68672E8-CAAD-40E5-AC13-426F17C39B2C}.Debug|Any CPU.ActiveCfg = Debug|Any CPU
		{B68672E8-CAAD-40E5-AC13-426F17C39B2C}.Debug|Any CPU.Build.0 = Debug|Any CPU
		{B68672E8-CAAD-40E5-AC13-426F17C39B2C}.Release|Any CPU.ActiveCfg = Release|Any CPU
		{B68672E8-CAAD-40E5-AC13-426F17C39B2C}.Release|Any CPU.Build.0 = Release|Any CPU
		{92836214-6EE7-4F89-A173-4C34030B81CA}.Debug|Any CPU.ActiveCfg = Debug|Any CPU
		{92836214-6EE7-4F89-A173-4C34030B81CA}.Debug|Any CPU.Build.0 = Debug|Any CPU
		{92836214-6EE7-4F89-A173-4C34030B81CA}.Release|Any CPU.ActiveCfg = Release|Any CPU
		{92836214-6EE7-4F89-A173-4C34030B81CA}.Release|Any CPU.Build.0 = Release|Any CPU
	EndGlobalSection
	GlobalSection(SolutionProperties) = preSolution
		HideSolutionNode = FALSE
	EndGlobalSection
	GlobalSection(ExtensibilityGlobals) = postSolution
		SolutionGuid = {D27D7411-1E07-41B8-AA3E-D4D5F718F83A}
	EndGlobalSection
EndGlobal
