
Microsoft Visual Studio Solution File, Format Version 12.00
# Visual Studio 15
VisualStudioVersion = 15.0.27428.2002
MinimumVisualStudioVersion = 10.0.40219.1
Project("{FAE04EC0-301F-11D3-BF4B-00C04F79EFBC}") = "01.CountRealNumbers", "01.CountRealNumbers\01.CountRealNumbers.csproj", "{B434C008-5AB6-4C9F-8EE7-54AD365CEA16}"
EndProject
Project("{FAE04EC0-301F-11D3-BF4B-00C04F79EFBC}") = "02.OddOccurrences", "02.OddOccurrences\02.OddOccurrences.csproj", "{2E130F17-CE81-4B71-83C5-1F9B71B7B247}"
EndProject
Project("{FAE04EC0-301F-11D3-BF4B-00C04F79EFBC}") = "03.WordSynonyms", "03.WordSynonyms\03.WordSynonyms.csproj", "{7B20C4C1-815D-40C9-986D-B9864E9CA4A3}"
EndProject
Project("{FAE04EC0-301F-11D3-BF4B-00C04F79EFBC}") = "04.Largest3Numbers", "04.Largest3Numbers\04.Largest3Numbers.csproj", "{299E1EBB-91B3-4D2F-8FA2-40029460C844}"
EndProject
Project("{FAE04EC0-301F-11D3-BF4B-00C04F79EFBC}") = "05.WordFilter", "05.WordFilter\05.WordFilter.csproj", "{8A85C25E-1E8A-409A-9415-A20A14275DC3}"
EndProject
Global
	GlobalSection(SolutionConfigurationPlatforms) = preSolution
		Debug|Any CPU = Debug|Any CPU
		Release|Any CPU = Release|Any CPU
	EndGlobalSection
	GlobalSection(ProjectConfigurationPlatforms) = postSolution
		{B434C008-5AB6-4C9F-8EE7-54AD365CEA16}.Debug|Any CPU.ActiveCfg = Debug|Any CPU
		{B434C008-5AB6-4C9F-8EE7-54AD365CEA16}.Debug|Any CPU.Build.0 = Debug|Any CPU
		{B434C008-5AB6-4C9F-8EE7-54AD365CEA16}.Release|Any CPU.ActiveCfg = Release|Any CPU
		{B434C008-5AB6-4C9F-8EE7-54AD365CEA16}.Release|Any CPU.Build.0 = Release|Any CPU
		{2E130F17-CE81-4B71-83C5-1F9B71B7B247}.Debug|Any CPU.ActiveCfg = Debug|Any CPU
		{2E130F17-CE81-4B71-83C5-1F9B71B7B247}.Debug|Any CPU.Build.0 = Debug|Any CPU
		{2E130F17-CE81-4B71-83C5-1F9B71B7B247}.Release|Any CPU.ActiveCfg = Release|Any CPU
		{2E130F17-CE81-4B71-83C5-1F9B71B7B247}.Release|Any CPU.Build.0 = Release|Any CPU
		{7B20C4C1-815D-40C9-986D-B9864E9CA4A3}.Debug|Any CPU.ActiveCfg = Debug|Any CPU
		{7B20C4C1-815D-40C9-986D-B9864E9CA4A3}.Debug|Any CPU.Build.0 = Debug|Any CPU
		{7B20C4C1-815D-40C9-986D-B9864E9CA4A3}.Release|Any CPU.ActiveCfg = Release|Any CPU
		{7B20C4C1-815D-40C9-986D-B9864E9CA4A3}.Release|Any CPU.Build.0 = Release|Any CPU
		{299E1EBB-91B3-4D2F-8FA2-40029460C844}.Debug|Any CPU.ActiveCfg = Debug|Any CPU
		{299E1EBB-91B3-4D2F-8FA2-40029460C844}.Debug|Any CPU.Build.0 = Debug|Any CPU
		{299E1EBB-91B3-4D2F-8FA2-40029460C844}.Release|Any CPU.ActiveCfg = Release|Any CPU
		{299E1EBB-91B3-4D2F-8FA2-40029460C844}.Release|Any CPU.Build.0 = Release|Any CPU
		{8A85C25E-1E8A-409A-9415-A20A14275DC3}.Debug|Any CPU.ActiveCfg = Debug|Any CPU
		{8A85C25E-1E8A-409A-9415-A20A14275DC3}.Debug|Any CPU.Build.0 = Debug|Any CPU
		{8A85C25E-1E8A-409A-9415-A20A14275DC3}.Release|Any CPU.ActiveCfg = Release|Any CPU
		{8A85C25E-1E8A-409A-9415-A20A14275DC3}.Release|Any CPU.Build.0 = Release|Any CPU
	EndGlobalSection
	GlobalSection(SolutionProperties) = preSolution
		HideSolutionNode = FALSE
	EndGlobalSection
	GlobalSection(ExtensibilityGlobals) = postSolution
		SolutionGuid = {13A73756-8E97-4C7C-A205-C901DAA984B1}
	EndGlobalSection
EndGlobal
