
Microsoft Visual Studio Solution File, Format Version 12.00
# Visual Studio 15
VisualStudioVersion = 15.0.27428.2002
MinimumVisualStudioVersion = 10.0.40219.1
Project("{FAE04EC0-301F-11D3-BF4B-00C04F79EFBC}") = "01.DayОfWeek", "01.DayОfWeek\01.DayОfWeek.csproj", "{A343F6D9-57A5-42C7-AF1B-A3825CB57F46}"
EndProject
Project("{FAE04EC0-301F-11D3-BF4B-00C04F79EFBC}") = "02.RandomizeWords", "02.RandomizeWords\02.RandomizeWords.csproj", "{93CC1B2F-C8EF-4D03-BD74-72ABBD6C2697}"
EndProject
Project("{FAE04EC0-301F-11D3-BF4B-00C04F79EFBC}") = "03.BigFactorial", "03.BigFactorial\03.BigFactorial.csproj", "{F560EDB7-DEF8-43CA-A778-C35A95650210}"
EndProject
Project("{FAE04EC0-301F-11D3-BF4B-00C04F79EFBC}") = "04.Songs", "04.Songs\04.Songs.csproj", "{33A9CD51-632B-4480-969B-6EECF29C94A8}"
EndProject
Project("{FAE04EC0-301F-11D3-BF4B-00C04F79EFBC}") = "05.Students", "05.Students\05.Students.csproj", "{4B86FB79-1425-42F2-B25F-3F2918F3374A}"
EndProject
Project("{FAE04EC0-301F-11D3-BF4B-00C04F79EFBC}") = "06.Students20", "06.Students20\06.Students20.csproj", "{00A1542A-0794-423D-8FFE-0BD5471DDAE4}"
EndProject
Project("{FAE04EC0-301F-11D3-BF4B-00C04F79EFBC}") = "07.StoreBoxes", "07.StoreBoxes\07.StoreBoxes.csproj", "{3B544025-C19D-4F67-8E0A-713C51E9F6F4}"
EndProject
Project("{FAE04EC0-301F-11D3-BF4B-00C04F79EFBC}") = "08.VehicleCatalogue", "08.VehicleCatalogue\08.VehicleCatalogue.csproj", "{B6FED96B-EF01-43CC-AA33-B11BCD2F6BA3}"
EndProject
Global
	GlobalSection(SolutionConfigurationPlatforms) = preSolution
		Debug|Any CPU = Debug|Any CPU
		Release|Any CPU = Release|Any CPU
	EndGlobalSection
	GlobalSection(ProjectConfigurationPlatforms) = postSolution
		{A343F6D9-57A5-42C7-AF1B-A3825CB57F46}.Debug|Any CPU.ActiveCfg = Debug|Any CPU
		{A343F6D9-57A5-42C7-AF1B-A3825CB57F46}.Debug|Any CPU.Build.0 = Debug|Any CPU
		{A343F6D9-57A5-42C7-AF1B-A3825CB57F46}.Release|Any CPU.ActiveCfg = Release|Any CPU
		{A343F6D9-57A5-42C7-AF1B-A3825CB57F46}.Release|Any CPU.Build.0 = Release|Any CPU
		{93CC1B2F-C8EF-4D03-BD74-72ABBD6C2697}.Debug|Any CPU.ActiveCfg = Debug|Any CPU
		{93CC1B2F-C8EF-4D03-BD74-72ABBD6C2697}.Debug|Any CPU.Build.0 = Debug|Any CPU
		{93CC1B2F-C8EF-4D03-BD74-72ABBD6C2697}.Release|Any CPU.ActiveCfg = Release|Any CPU
		{93CC1B2F-C8EF-4D03-BD74-72ABBD6C2697}.Release|Any CPU.Build.0 = Release|Any CPU
		{F560EDB7-DEF8-43CA-A778-C35A95650210}.Debug|Any CPU.ActiveCfg = Debug|Any CPU
		{F560EDB7-DEF8-43CA-A778-C35A95650210}.Debug|Any CPU.Build.0 = Debug|Any CPU
		{F560EDB7-DEF8-43CA-A778-C35A95650210}.Release|Any CPU.ActiveCfg = Release|Any CPU
		{F560EDB7-DEF8-43CA-A778-C35A95650210}.Release|Any CPU.Build.0 = Release|Any CPU
		{33A9CD51-632B-4480-969B-6EECF29C94A8}.Debug|Any CPU.ActiveCfg = Debug|Any CPU
		{33A9CD51-632B-4480-969B-6EECF29C94A8}.Debug|Any CPU.Build.0 = Debug|Any CPU
		{33A9CD51-632B-4480-969B-6EECF29C94A8}.Release|Any CPU.ActiveCfg = Release|Any CPU
		{33A9CD51-632B-4480-969B-6EECF29C94A8}.Release|Any CPU.Build.0 = Release|Any CPU
		{4B86FB79-1425-42F2-B25F-3F2918F3374A}.Debug|Any CPU.ActiveCfg = Debug|Any CPU
		{4B86FB79-1425-42F2-B25F-3F2918F3374A}.Debug|Any CPU.Build.0 = Debug|Any CPU
		{4B86FB79-1425-42F2-B25F-3F2918F3374A}.Release|Any CPU.ActiveCfg = Release|Any CPU
		{4B86FB79-1425-42F2-B25F-3F2918F3374A}.Release|Any CPU.Build.0 = Release|Any CPU
		{00A1542A-0794-423D-8FFE-0BD5471DDAE4}.Debug|Any CPU.ActiveCfg = Debug|Any CPU
		{00A1542A-0794-423D-8FFE-0BD5471DDAE4}.Debug|Any CPU.Build.0 = Debug|Any CPU
		{00A1542A-0794-423D-8FFE-0BD5471DDAE4}.Release|Any CPU.ActiveCfg = Release|Any CPU
		{00A1542A-0794-423D-8FFE-0BD5471DDAE4}.Release|Any CPU.Build.0 = Release|Any CPU
		{3B544025-C19D-4F67-8E0A-713C51E9F6F4}.Debug|Any CPU.ActiveCfg = Debug|Any CPU
		{3B544025-C19D-4F67-8E0A-713C51E9F6F4}.Debug|Any CPU.Build.0 = Debug|Any CPU
		{3B544025-C19D-4F67-8E0A-713C51E9F6F4}.Release|Any CPU.ActiveCfg = Release|Any CPU
		{3B544025-C19D-4F67-8E0A-713C51E9F6F4}.Release|Any CPU.Build.0 = Release|Any CPU
		{B6FED96B-EF01-43CC-AA33-B11BCD2F6BA3}.Debug|Any CPU.ActiveCfg = Debug|Any CPU
		{B6FED96B-EF01-43CC-AA33-B11BCD2F6BA3}.Debug|Any CPU.Build.0 = Debug|Any CPU
		{B6FED96B-EF01-43CC-AA33-B11BCD2F6BA3}.Release|Any CPU.ActiveCfg = Release|Any CPU
		{B6FED96B-EF01-43CC-AA33-B11BCD2F6BA3}.Release|Any CPU.Build.0 = Release|Any CPU
	EndGlobalSection
	GlobalSection(SolutionProperties) = preSolution
		HideSolutionNode = FALSE
	EndGlobalSection
	GlobalSection(ExtensibilityGlobals) = postSolution
		SolutionGuid = {9E3F3C9F-5A1A-49B3-BEA5-BD8C82F0429C}
	EndGlobalSection
EndGlobal
