
Microsoft Visual Studio Solution File, Format Version 12.00
# Visual Studio 15
VisualStudioVersion = 15.0.27428.2002
MinimumVisualStudioVersion = 10.0.40219.1
Project("{FAE04EC0-301F-11D3-BF4B-00C04F79EFBC}") = "Forum", "Forum\Forum.csproj", "{FF0EEC6C-D8B4-442F-B0A5-51EF60D8905E}"
EndProject
Global
	GlobalSection(SolutionConfigurationPlatforms) = preSolution
		Debug|Any CPU = Debug|Any CPU
		Release|Any CPU = Release|Any CPU
	EndGlobalSection
	GlobalSection(ProjectConfigurationPlatforms) = postSolution
		{FF0EEC6C-D8B4-442F-B0A5-51EF60D8905E}.Debug|Any CPU.ActiveCfg = Debug|Any CPU
		{FF0EEC6C-D8B4-442F-B0A5-51EF60D8905E}.Debug|Any CPU.Build.0 = Debug|Any CPU
		{FF0EEC6C-D8B4-442F-B0A5-51EF60D8905E}.Release|Any CPU.ActiveCfg = Release|Any CPU
		{FF0EEC6C-D8B4-442F-B0A5-51EF60D8905E}.Release|Any CPU.Build.0 = Release|Any CPU
	EndGlobalSection
	GlobalSection(SolutionProperties) = preSolution
		HideSolutionNode = FALSE
	EndGlobalSection
	GlobalSection(ExtensibilityGlobals) = postSolution
		SolutionGuid = {E325F04C-D4B3-4002-AD62-51F8617E0375}
	EndGlobalSection
EndGlobal
