
Microsoft Visual Studio Solution File, Format Version 12.00
# Visual Studio 15
VisualStudioVersion = 15.0.27428.2002
MinimumVisualStudioVersion = 10.0.40219.1
Project("{9A19103F-16F7-4668-BE54-9A1E7A4F7556}") = "01.SumAdjacentEqualNumbers", "01.SumAdjacentEqualNumbers\01.SumAdjacentEqualNumbers.csproj", "{C47DC900-D135-465C-8C4E-BC1A492EC96B}"
EndProject
Project("{9A19103F-16F7-4668-BE54-9A1E7A4F7556}") = "02.GaussTrick", "02.GaussTrick\02.GaussTrick.csproj", "{23EC6F99-2AAF-483C-AE9C-D6967A945C79}"
EndProject
Project("{9A19103F-16F7-4668-BE54-9A1E7A4F7556}") = "03.MergingLists", "03.MergingLists\03.MergingLists.csproj", "{947D2FF1-12CC-4A17-BC36-C12779FB3988}"
EndProject
Project("{9A19103F-16F7-4668-BE54-9A1E7A4F7556}") = "04.ListOfProducts", "04.ListOfProducts\04.ListOfProducts.csproj", "{C5B3B18C-A2C7-4DAE-9D85-33421851B4CA}"
EndProject
Project("{9A19103F-16F7-4668-BE54-9A1E7A4F7556}") = "05.RemoveNegativesAndReverse", "05.RemoveNegativesAndReverse\05.RemoveNegativesAndReverse.csproj", "{A09984DA-5FEF-425F-B7C3-CEE4070059C9}"
EndProject
Project("{9A19103F-16F7-4668-BE54-9A1E7A4F7556}") = "06.ListManipulationBasics", "06.ListManipulationBasics\06.ListManipulationBasics.csproj", "{B22D5E5F-9E7B-4EFE-B7AF-B849C1C11ADB}"
EndProject
Project("{FAE04EC0-301F-11D3-BF4B-00C04F79EFBC}") = "07.ListManipulationAdvanced", "07.ListManipulationAdvanced\07.ListManipulationAdvanced.csproj", "{8B23563B-F843-490D-AE43-08FB8B6AEE56}"
EndProject
Global
	GlobalSection(SolutionConfigurationPlatforms) = preSolution
		Debug|Any CPU = Debug|Any CPU
		Release|Any CPU = Release|Any CPU
	EndGlobalSection
	GlobalSection(ProjectConfigurationPlatforms) = postSolution
		{C47DC900-D135-465C-8C4E-BC1A492EC96B}.Debug|Any CPU.ActiveCfg = Debug|Any CPU
		{C47DC900-D135-465C-8C4E-BC1A492EC96B}.Debug|Any CPU.Build.0 = Debug|Any CPU
		{C47DC900-D135-465C-8C4E-BC1A492EC96B}.Release|Any CPU.ActiveCfg = Release|Any CPU
		{C47DC900-D135-465C-8C4E-BC1A492EC96B}.Release|Any CPU.Build.0 = Release|Any CPU
		{23EC6F99-2AAF-483C-AE9C-D6967A945C79}.Debug|Any CPU.ActiveCfg = Debug|Any CPU
		{23EC6F99-2AAF-483C-AE9C-D6967A945C79}.Debug|Any CPU.Build.0 = Debug|Any CPU
		{23EC6F99-2AAF-483C-AE9C-D6967A945C79}.Release|Any CPU.ActiveCfg = Release|Any CPU
		{23EC6F99-2AAF-483C-AE9C-D6967A945C79}.Release|Any CPU.Build.0 = Release|Any CPU
		{947D2FF1-12CC-4A17-BC36-C12779FB3988}.Debug|Any CPU.ActiveCfg = Debug|Any CPU
		{947D2FF1-12CC-4A17-BC36-C12779FB3988}.Debug|Any CPU.Build.0 = Debug|Any CPU
		{947D2FF1-12CC-4A17-BC36-C12779FB3988}.Release|Any CPU.ActiveCfg = Release|Any CPU
		{947D2FF1-12CC-4A17-BC36-C12779FB3988}.Release|Any CPU.Build.0 = Release|Any CPU
		{C5B3B18C-A2C7-4DAE-9D85-33421851B4CA}.Debug|Any CPU.ActiveCfg = Debug|Any CPU
		{C5B3B18C-A2C7-4DAE-9D85-33421851B4CA}.Debug|Any CPU.Build.0 = Debug|Any CPU
		{C5B3B18C-A2C7-4DAE-9D85-33421851B4CA}.Release|Any CPU.ActiveCfg = Release|Any CPU
		{C5B3B18C-A2C7-4DAE-9D85-33421851B4CA}.Release|Any CPU.Build.0 = Release|Any CPU
		{A09984DA-5FEF-425F-B7C3-CEE4070059C9}.Debug|Any CPU.ActiveCfg = Debug|Any CPU
		{A09984DA-5FEF-425F-B7C3-CEE4070059C9}.Debug|Any CPU.Build.0 = Debug|Any CPU
		{A09984DA-5FEF-425F-B7C3-CEE4070059C9}.Release|Any CPU.ActiveCfg = Release|Any CPU
		{A09984DA-5FEF-425F-B7C3-CEE4070059C9}.Release|Any CPU.Build.0 = Release|Any CPU
		{B22D5E5F-9E7B-4EFE-B7AF-B849C1C11ADB}.Debug|Any CPU.ActiveCfg = Debug|Any CPU
		{B22D5E5F-9E7B-4EFE-B7AF-B849C1C11ADB}.Debug|Any CPU.Build.0 = Debug|Any CPU
		{B22D5E5F-9E7B-4EFE-B7AF-B849C1C11ADB}.Release|Any CPU.ActiveCfg = Release|Any CPU
		{B22D5E5F-9E7B-4EFE-B7AF-B849C1C11ADB}.Release|Any CPU.Build.0 = Release|Any CPU
		{8B23563B-F843-490D-AE43-08FB8B6AEE56}.Debug|Any CPU.ActiveCfg = Debug|Any CPU
		{8B23563B-F843-490D-AE43-08FB8B6AEE56}.Debug|Any CPU.Build.0 = Debug|Any CPU
		{8B23563B-F843-490D-AE43-08FB8B6AEE56}.Release|Any CPU.ActiveCfg = Release|Any CPU
		{8B23563B-F843-490D-AE43-08FB8B6AEE56}.Release|Any CPU.Build.0 = Release|Any CPU
	EndGlobalSection
	GlobalSection(SolutionProperties) = preSolution
		HideSolutionNode = FALSE
	EndGlobalSection
	GlobalSection(ExtensibilityGlobals) = postSolution
		SolutionGuid = {5CD63EE6-AFC6-434D-9952-D0BD67A42DD2}
	EndGlobalSection
EndGlobal
