
Microsoft Visual Studio Solution File, Format Version 12.00
# Visual Studio Version 16
VisualStudioVersion = 16.0.28803.202
MinimumVisualStudioVersion = 10.0.40219.1
Project("{FAE04EC0-301F-11D3-BF4B-00C04F79EFBC}") = "01.StudentInformation", "01.StudentInformation\01.StudentInformation.csproj", "{DD4D9927-4241-450C-B52A-2C9872A7AA05}"
EndProject
Project("{FAE04EC0-301F-11D3-BF4B-00C04F79EFBC}") = "02.Passed", "02.Passed\02.Passed.csproj", "{064E32A0-F718-4548-B3DE-E2F1825CFDEF}"
EndProject
Project("{FAE04EC0-301F-11D3-BF4B-00C04F79EFBC}") = "03.PassedOrFailed", "03.PassedOrFailed\03.PassedOrFailed.csproj", "{7CE81383-9966-42FC-BAE8-83DA3C7DD1A2}"
EndProject
Project("{FAE04EC0-301F-11D3-BF4B-00C04F79EFBC}") = "04.BackIn30Minutes", "04.BackIn30Minutes\04.BackIn30Minutes.csproj", "{A65EA1B2-0285-47D5-BFFC-F923232E0178}"
EndProject
Project("{FAE04EC0-301F-11D3-BF4B-00C04F79EFBC}") = "05.MonthPrinter", "05.MonthPrinter\05.MonthPrinter.csproj", "{C8008A46-0E98-459C-958E-BC65AFD299F2}"
EndProject
Project("{FAE04EC0-301F-11D3-BF4B-00C04F79EFBC}") = "06.ForeignLanguages", "06.ForeignLanguages\06.ForeignLanguages.csproj", "{6F192744-2C8B-4236-A8C9-004FDFA46BC2}"
EndProject
Project("{FAE04EC0-301F-11D3-BF4B-00C04F79EFBC}") = "07.TheatrePromotion", "07.TheatrePromotion\07.TheatrePromotion.csproj", "{E6606753-51C8-4853-9984-7EE634353A1D}"
EndProject
Project("{FAE04EC0-301F-11D3-BF4B-00C04F79EFBC}") = "08.DivisibleBy3", "08.DivisibleBy3\08.DivisibleBy3.csproj", "{8053655B-3B03-4D90-8C53-A1AC3D63E10D}"
EndProject
Project("{FAE04EC0-301F-11D3-BF4B-00C04F79EFBC}") = "09.SumOfOddNumbers", "09.SumOfOddNumbers\09.SumOfOddNumbers.csproj", "{1EE8ADF9-77F3-42C1-A811-23AFB45C98CD}"
EndProject
Project("{FAE04EC0-301F-11D3-BF4B-00C04F79EFBC}") = "10.MultiplicationTable", "10.MultiplicationTable\10.MultiplicationTable.csproj", "{58D1AFFA-3757-4962-BBA4-38E7B5318264}"
EndProject
Project("{FAE04EC0-301F-11D3-BF4B-00C04F79EFBC}") = "11.MultiplicationTable2.0", "11.MultiplicationTable2.0\11.MultiplicationTable2.0.csproj", "{D06B86AB-B077-4D3B-932A-7BCCA8914CA6}"
EndProject
Project("{FAE04EC0-301F-11D3-BF4B-00C04F79EFBC}") = "12.EvenNumber", "12.EvenNumber\12.EvenNumber.csproj", "{CED002F5-C035-46F8-A924-CD775656B29D}"
EndProject
Project("{FAE04EC0-301F-11D3-BF4B-00C04F79EFBC}") = "13.HolidaysBetweenTwoDates", "13.HolidaysBetweenTwoDates\13.HolidaysBetweenTwoDates.csproj", "{6B20142B-5DCD-40AA-ACA0-29F95119FF35}"
EndProject
Global
	GlobalSection(SolutionConfigurationPlatforms) = preSolution
		Debug|Any CPU = Debug|Any CPU
		Release|Any CPU = Release|Any CPU
	EndGlobalSection
	GlobalSection(ProjectConfigurationPlatforms) = postSolution
		{DD4D9927-4241-450C-B52A-2C9872A7AA05}.Debug|Any CPU.ActiveCfg = Debug|Any CPU
		{DD4D9927-4241-450C-B52A-2C9872A7AA05}.Debug|Any CPU.Build.0 = Debug|Any CPU
		{DD4D9927-4241-450C-B52A-2C9872A7AA05}.Release|Any CPU.ActiveCfg = Release|Any CPU
		{DD4D9927-4241-450C-B52A-2C9872A7AA05}.Release|Any CPU.Build.0 = Release|Any CPU
		{064E32A0-F718-4548-B3DE-E2F1825CFDEF}.Debug|Any CPU.ActiveCfg = Debug|Any CPU
		{064E32A0-F718-4548-B3DE-E2F1825CFDEF}.Debug|Any CPU.Build.0 = Debug|Any CPU
		{064E32A0-F718-4548-B3DE-E2F1825CFDEF}.Release|Any CPU.ActiveCfg = Release|Any CPU
		{064E32A0-F718-4548-B3DE-E2F1825CFDEF}.Release|Any CPU.Build.0 = Release|Any CPU
		{7CE81383-9966-42FC-BAE8-83DA3C7DD1A2}.Debug|Any CPU.ActiveCfg = Debug|Any CPU
		{7CE81383-9966-42FC-BAE8-83DA3C7DD1A2}.Debug|Any CPU.Build.0 = Debug|Any CPU
		{7CE81383-9966-42FC-BAE8-83DA3C7DD1A2}.Release|Any CPU.ActiveCfg = Release|Any CPU
		{7CE81383-9966-42FC-BAE8-83DA3C7DD1A2}.Release|Any CPU.Build.0 = Release|Any CPU
		{A65EA1B2-0285-47D5-BFFC-F923232E0178}.Debug|Any CPU.ActiveCfg = Debug|Any CPU
		{A65EA1B2-0285-47D5-BFFC-F923232E0178}.Debug|Any CPU.Build.0 = Debug|Any CPU
		{A65EA1B2-0285-47D5-BFFC-F923232E0178}.Release|Any CPU.ActiveCfg = Release|Any CPU
		{A65EA1B2-0285-47D5-BFFC-F923232E0178}.Release|Any CPU.Build.0 = Release|Any CPU
		{C8008A46-0E98-459C-958E-BC65AFD299F2}.Debug|Any CPU.ActiveCfg = Debug|Any CPU
		{C8008A46-0E98-459C-958E-BC65AFD299F2}.Debug|Any CPU.Build.0 = Debug|Any CPU
		{C8008A46-0E98-459C-958E-BC65AFD299F2}.Release|Any CPU.ActiveCfg = Release|Any CPU
		{C8008A46-0E98-459C-958E-BC65AFD299F2}.Release|Any CPU.Build.0 = Release|Any CPU
		{6F192744-2C8B-4236-A8C9-004FDFA46BC2}.Debug|Any CPU.ActiveCfg = Debug|Any CPU
		{6F192744-2C8B-4236-A8C9-004FDFA46BC2}.Debug|Any CPU.Build.0 = Debug|Any CPU
		{6F192744-2C8B-4236-A8C9-004FDFA46BC2}.Release|Any CPU.ActiveCfg = Release|Any CPU
		{6F192744-2C8B-4236-A8C9-004FDFA46BC2}.Release|Any CPU.Build.0 = Release|Any CPU
		{E6606753-51C8-4853-9984-7EE634353A1D}.Debug|Any CPU.ActiveCfg = Debug|Any CPU
		{E6606753-51C8-4853-9984-7EE634353A1D}.Debug|Any CPU.Build.0 = Debug|Any CPU
		{E6606753-51C8-4853-9984-7EE634353A1D}.Release|Any CPU.ActiveCfg = Release|Any CPU
		{E6606753-51C8-4853-9984-7EE634353A1D}.Release|Any CPU.Build.0 = Release|Any CPU
		{8053655B-3B03-4D90-8C53-A1AC3D63E10D}.Debug|Any CPU.ActiveCfg = Debug|Any CPU
		{8053655B-3B03-4D90-8C53-A1AC3D63E10D}.Debug|Any CPU.Build.0 = Debug|Any CPU
		{8053655B-3B03-4D90-8C53-A1AC3D63E10D}.Release|Any CPU.ActiveCfg = Release|Any CPU
		{8053655B-3B03-4D90-8C53-A1AC3D63E10D}.Release|Any CPU.Build.0 = Release|Any CPU
		{1EE8ADF9-77F3-42C1-A811-23AFB45C98CD}.Debug|Any CPU.ActiveCfg = Debug|Any CPU
		{1EE8ADF9-77F3-42C1-A811-23AFB45C98CD}.Debug|Any CPU.Build.0 = Debug|Any CPU
		{1EE8ADF9-77F3-42C1-A811-23AFB45C98CD}.Release|Any CPU.ActiveCfg = Release|Any CPU
		{1EE8ADF9-77F3-42C1-A811-23AFB45C98CD}.Release|Any CPU.Build.0 = Release|Any CPU
		{58D1AFFA-3757-4962-BBA4-38E7B5318264}.Debug|Any CPU.ActiveCfg = Debug|Any CPU
		{58D1AFFA-3757-4962-BBA4-38E7B5318264}.Debug|Any CPU.Build.0 = Debug|Any CPU
		{58D1AFFA-3757-4962-BBA4-38E7B5318264}.Release|Any CPU.ActiveCfg = Release|Any CPU
		{58D1AFFA-3757-4962-BBA4-38E7B5318264}.Release|Any CPU.Build.0 = Release|Any CPU
		{D06B86AB-B077-4D3B-932A-7BCCA8914CA6}.Debug|Any CPU.ActiveCfg = Debug|Any CPU
		{D06B86AB-B077-4D3B-932A-7BCCA8914CA6}.Debug|Any CPU.Build.0 = Debug|Any CPU
		{D06B86AB-B077-4D3B-932A-7BCCA8914CA6}.Release|Any CPU.ActiveCfg = Release|Any CPU
		{D06B86AB-B077-4D3B-932A-7BCCA8914CA6}.Release|Any CPU.Build.0 = Release|Any CPU
		{CED002F5-C035-46F8-A924-CD775656B29D}.Debug|Any CPU.ActiveCfg = Debug|Any CPU
		{CED002F5-C035-46F8-A924-CD775656B29D}.Debug|Any CPU.Build.0 = Debug|Any CPU
		{CED002F5-C035-46F8-A924-CD775656B29D}.Release|Any CPU.ActiveCfg = Release|Any CPU
		{CED002F5-C035-46F8-A924-CD775656B29D}.Release|Any CPU.Build.0 = Release|Any CPU
		{6B20142B-5DCD-40AA-ACA0-29F95119FF35}.Debug|Any CPU.ActiveCfg = Debug|Any CPU
		{6B20142B-5DCD-40AA-ACA0-29F95119FF35}.Debug|Any CPU.Build.0 = Debug|Any CPU
		{6B20142B-5DCD-40AA-ACA0-29F95119FF35}.Release|Any CPU.ActiveCfg = Release|Any CPU
		{6B20142B-5DCD-40AA-ACA0-29F95119FF35}.Release|Any CPU.Build.0 = Release|Any CPU
	EndGlobalSection
	GlobalSection(SolutionProperties) = preSolution
		HideSolutionNode = FALSE
	EndGlobalSection
	GlobalSection(ExtensibilityGlobals) = postSolution
		SolutionGuid = {7696800B-5132-4A97-9712-29A606ED9E61}
	EndGlobalSection
EndGlobal
