
Microsoft Visual Studio Solution File, Format Version 12.00
# Visual Studio 15
VisualStudioVersion = 15.0.27428.2002
MinimumVisualStudioVersion = 10.0.40219.1
Project("{FAE04EC0-301F-11D3-BF4B-00C04F79EFBC}") = "01.DayOfWeek", "01.DayOfWeek\01.DayOfWeek.csproj", "{8F27308F-0374-4E42-BA3C-4EEC8BA0A292}"
EndProject
Project("{FAE04EC0-301F-11D3-BF4B-00C04F79EFBC}") = "02.PrintNumbersInReverseOrder", "02.PrintNumbersInReverseOrder\02.PrintNumbersInReverseOrder.csproj", "{4E1D4C62-BB4E-433C-B2E7-2D84F8582000}"
EndProject
Project("{FAE04EC0-301F-11D3-BF4B-00C04F79EFBC}") = "03.RoundingNumbers", "03.RoundingNumbers\03.RoundingNumbers.csproj", "{FDB487BE-B874-435A-B28A-90874067E79E}"
EndProject
Project("{FAE04EC0-301F-11D3-BF4B-00C04F79EFBC}") = "04.ReverseArrayOfStrings", "04.ReverseArrayOfStrings\04.ReverseArrayOfStrings.csproj", "{679D42BE-14C1-4241-8EED-103C99A9D9D9}"
EndProject
Project("{FAE04EC0-301F-11D3-BF4B-00C04F79EFBC}") = "05.SumEvenNumbers", "05.SumEvenNumbers\05.SumEvenNumbers.csproj", "{31F97E04-F62A-4781-AD9D-F61FB136C337}"
EndProject
Project("{FAE04EC0-301F-11D3-BF4B-00C04F79EFBC}") = "06.EvenAndOddSubtraction", "06.EvenAndOddSubtraction\06.EvenAndOddSubtraction.csproj", "{3B65C7ED-7BF0-46BB-BECE-B51EDB15CA83}"
EndProject
Project("{FAE04EC0-301F-11D3-BF4B-00C04F79EFBC}") = "07.EqualArrays", "07.EqualArrays\07.EqualArrays.csproj", "{1FF25C6C-1D69-441C-B1B0-43C70989E970}"
EndProject
Project("{FAE04EC0-301F-11D3-BF4B-00C04F79EFBC}") = "08.CondenseArrayToNumber", "08.CondenseArrayToNumber\08.CondenseArrayToNumber.csproj", "{0D6A91F9-EAEB-4911-80E4-DA4C4EDDEF8D}"
EndProject
Global
	GlobalSection(SolutionConfigurationPlatforms) = preSolution
		Debug|Any CPU = Debug|Any CPU
		Release|Any CPU = Release|Any CPU
	EndGlobalSection
	GlobalSection(ProjectConfigurationPlatforms) = postSolution
		{8F27308F-0374-4E42-BA3C-4EEC8BA0A292}.Debug|Any CPU.ActiveCfg = Debug|Any CPU
		{8F27308F-0374-4E42-BA3C-4EEC8BA0A292}.Debug|Any CPU.Build.0 = Debug|Any CPU
		{8F27308F-0374-4E42-BA3C-4EEC8BA0A292}.Release|Any CPU.ActiveCfg = Release|Any CPU
		{8F27308F-0374-4E42-BA3C-4EEC8BA0A292}.Release|Any CPU.Build.0 = Release|Any CPU
		{4E1D4C62-BB4E-433C-B2E7-2D84F8582000}.Debug|Any CPU.ActiveCfg = Debug|Any CPU
		{4E1D4C62-BB4E-433C-B2E7-2D84F8582000}.Debug|Any CPU.Build.0 = Debug|Any CPU
		{4E1D4C62-BB4E-433C-B2E7-2D84F8582000}.Release|Any CPU.ActiveCfg = Release|Any CPU
		{4E1D4C62-BB4E-433C-B2E7-2D84F8582000}.Release|Any CPU.Build.0 = Release|Any CPU
		{FDB487BE-B874-435A-B28A-90874067E79E}.Debug|Any CPU.ActiveCfg = Debug|Any CPU
		{FDB487BE-B874-435A-B28A-90874067E79E}.Debug|Any CPU.Build.0 = Debug|Any CPU
		{FDB487BE-B874-435A-B28A-90874067E79E}.Release|Any CPU.ActiveCfg = Release|Any CPU
		{FDB487BE-B874-435A-B28A-90874067E79E}.Release|Any CPU.Build.0 = Release|Any CPU
		{679D42BE-14C1-4241-8EED-103C99A9D9D9}.Debug|Any CPU.ActiveCfg = Debug|Any CPU
		{679D42BE-14C1-4241-8EED-103C99A9D9D9}.Debug|Any CPU.Build.0 = Debug|Any CPU
		{679D42BE-14C1-4241-8EED-103C99A9D9D9}.Release|Any CPU.ActiveCfg = Release|Any CPU
		{679D42BE-14C1-4241-8EED-103C99A9D9D9}.Release|Any CPU.Build.0 = Release|Any CPU
		{31F97E04-F62A-4781-AD9D-F61FB136C337}.Debug|Any CPU.ActiveCfg = Debug|Any CPU
		{31F97E04-F62A-4781-AD9D-F61FB136C337}.Debug|Any CPU.Build.0 = Debug|Any CPU
		{31F97E04-F62A-4781-AD9D-F61FB136C337}.Release|Any CPU.ActiveCfg = Release|Any CPU
		{31F97E04-F62A-4781-AD9D-F61FB136C337}.Release|Any CPU.Build.0 = Release|Any CPU
		{3B65C7ED-7BF0-46BB-BECE-B51EDB15CA83}.Debug|Any CPU.ActiveCfg = Debug|Any CPU
		{3B65C7ED-7BF0-46BB-BECE-B51EDB15CA83}.Debug|Any CPU.Build.0 = Debug|Any CPU
		{3B65C7ED-7BF0-46BB-BECE-B51EDB15CA83}.Release|Any CPU.ActiveCfg = Release|Any CPU
		{3B65C7ED-7BF0-46BB-BECE-B51EDB15CA83}.Release|Any CPU.Build.0 = Release|Any CPU
		{1FF25C6C-1D69-441C-B1B0-43C70989E970}.Debug|Any CPU.ActiveCfg = Debug|Any CPU
		{1FF25C6C-1D69-441C-B1B0-43C70989E970}.Debug|Any CPU.Build.0 = Debug|Any CPU
		{1FF25C6C-1D69-441C-B1B0-43C70989E970}.Release|Any CPU.ActiveCfg = Release|Any CPU
		{1FF25C6C-1D69-441C-B1B0-43C70989E970}.Release|Any CPU.Build.0 = Release|Any CPU
		{0D6A91F9-EAEB-4911-80E4-DA4C4EDDEF8D}.Debug|Any CPU.ActiveCfg = Debug|Any CPU
		{0D6A91F9-EAEB-4911-80E4-DA4C4EDDEF8D}.Debug|Any CPU.Build.0 = Debug|Any CPU
		{0D6A91F9-EAEB-4911-80E4-DA4C4EDDEF8D}.Release|Any CPU.ActiveCfg = Release|Any CPU
		{0D6A91F9-EAEB-4911-80E4-DA4C4EDDEF8D}.Release|Any CPU.Build.0 = Release|Any CPU
	EndGlobalSection
	GlobalSection(SolutionProperties) = preSolution
		HideSolutionNode = FALSE
	EndGlobalSection
	GlobalSection(ExtensibilityGlobals) = postSolution
		SolutionGuid = {6BF328AA-3B3D-483E-BFC2-CD7351470A0E}
	EndGlobalSection
EndGlobal
