
Microsoft Visual Studio Solution File, Format Version 12.00
# Visual Studio 15
VisualStudioVersion = 15.0.27428.2002
MinimumVisualStudioVersion = 10.0.40219.1
Project("{FAE04EC0-301F-11D3-BF4B-00C04F79EFBC}") = "01.BinaryDigitsCount", "01.BinaryDigitsCount\01.BinaryDigitsCount.csproj", "{627DD79B-4FE1-48C4-9E27-6C6C429544EA}"
EndProject
Project("{FAE04EC0-301F-11D3-BF4B-00C04F79EFBC}") = "02.FirstBit", "02.FirstBit\02.FirstBit.csproj", "{CB02F89D-C7A1-44CF-8AC4-56EC5D0245FE}"
EndProject
Project("{FAE04EC0-301F-11D3-BF4B-00C04F79EFBC}") = "03.pthBit", "03.pthBit\03.pthBit.csproj", "{AE42FC52-0F84-4531-8BA6-F7B8B8BE6EEC}"
EndProject
Project("{FAE04EC0-301F-11D3-BF4B-00C04F79EFBC}") = "04.BitDestroyer", "04.BitDestroyer\04.BitDestroyer.csproj", "{83B78558-B50D-43D0-8748-035896ECA4AB}"
EndProject
Project("{FAE04EC0-301F-11D3-BF4B-00C04F79EFBC}") = "05.OddTimes", "05.OddTimes\05.OddTimes.csproj", "{8C382ED9-CD5A-4BEA-A542-5A4152364634}"
EndProject
Project("{FAE04EC0-301F-11D3-BF4B-00C04F79EFBC}") = "06.TriBitSwtich", "06.TriBitSwtich\06.TriBitSwtich.csproj", "{0D2A27A4-D0C6-41F6-8D92-AD09744B6AE6}"
EndProject
Global
	GlobalSection(SolutionConfigurationPlatforms) = preSolution
		Debug|Any CPU = Debug|Any CPU
		Release|Any CPU = Release|Any CPU
	EndGlobalSection
	GlobalSection(ProjectConfigurationPlatforms) = postSolution
		{627DD79B-4FE1-48C4-9E27-6C6C429544EA}.Debug|Any CPU.ActiveCfg = Debug|Any CPU
		{627DD79B-4FE1-48C4-9E27-6C6C429544EA}.Debug|Any CPU.Build.0 = Debug|Any CPU
		{627DD79B-4FE1-48C4-9E27-6C6C429544EA}.Release|Any CPU.ActiveCfg = Release|Any CPU
		{627DD79B-4FE1-48C4-9E27-6C6C429544EA}.Release|Any CPU.Build.0 = Release|Any CPU
		{CB02F89D-C7A1-44CF-8AC4-56EC5D0245FE}.Debug|Any CPU.ActiveCfg = Debug|Any CPU
		{CB02F89D-C7A1-44CF-8AC4-56EC5D0245FE}.Debug|Any CPU.Build.0 = Debug|Any CPU
		{CB02F89D-C7A1-44CF-8AC4-56EC5D0245FE}.Release|Any CPU.ActiveCfg = Release|Any CPU
		{CB02F89D-C7A1-44CF-8AC4-56EC5D0245FE}.Release|Any CPU.Build.0 = Release|Any CPU
		{AE42FC52-0F84-4531-8BA6-F7B8B8BE6EEC}.Debug|Any CPU.ActiveCfg = Debug|Any CPU
		{AE42FC52-0F84-4531-8BA6-F7B8B8BE6EEC}.Debug|Any CPU.Build.0 = Debug|Any CPU
		{AE42FC52-0F84-4531-8BA6-F7B8B8BE6EEC}.Release|Any CPU.ActiveCfg = Release|Any CPU
		{AE42FC52-0F84-4531-8BA6-F7B8B8BE6EEC}.Release|Any CPU.Build.0 = Release|Any CPU
		{83B78558-B50D-43D0-8748-035896ECA4AB}.Debug|Any CPU.ActiveCfg = Debug|Any CPU
		{83B78558-B50D-43D0-8748-035896ECA4AB}.Debug|Any CPU.Build.0 = Debug|Any CPU
		{83B78558-B50D-43D0-8748-035896ECA4AB}.Release|Any CPU.ActiveCfg = Release|Any CPU
		{83B78558-B50D-43D0-8748-035896ECA4AB}.Release|Any CPU.Build.0 = Release|Any CPU
		{8C382ED9-CD5A-4BEA-A542-5A4152364634}.Debug|Any CPU.ActiveCfg = Debug|Any CPU
		{8C382ED9-CD5A-4BEA-A542-5A4152364634}.Debug|Any CPU.Build.0 = Debug|Any CPU
		{8C382ED9-CD5A-4BEA-A542-5A4152364634}.Release|Any CPU.ActiveCfg = Release|Any CPU
		{8C382ED9-CD5A-4BEA-A542-5A4152364634}.Release|Any CPU.Build.0 = Release|Any CPU
		{0D2A27A4-D0C6-41F6-8D92-AD09744B6AE6}.Debug|Any CPU.ActiveCfg = Debug|Any CPU
		{0D2A27A4-D0C6-41F6-8D92-AD09744B6AE6}.Debug|Any CPU.Build.0 = Debug|Any CPU
		{0D2A27A4-D0C6-41F6-8D92-AD09744B6AE6}.Release|Any CPU.ActiveCfg = Release|Any CPU
		{0D2A27A4-D0C6-41F6-8D92-AD09744B6AE6}.Release|Any CPU.Build.0 = Release|Any CPU
	EndGlobalSection
	GlobalSection(SolutionProperties) = preSolution
		HideSolutionNode = FALSE
	EndGlobalSection
	GlobalSection(ExtensibilityGlobals) = postSolution
		SolutionGuid = {DD30D0DB-2264-4B6E-9DCD-6DB0D5010365}
	EndGlobalSection
EndGlobal
