
Microsoft Visual Studio Solution File, Format Version 12.00
# Visual Studio 15
VisualStudioVersion = 15.0.27428.2002
MinimumVisualStudioVersion = 10.0.40219.1
Project("{FAE04EC0-301F-11D3-BF4B-00C04F79EFBC}") = "01.ReverseStrings", "01.ReverseStrings\01.ReverseStrings.csproj", "{B6E432A0-4C44-4658-BE32-A26EC591F4CE}"
EndProject
Project("{FAE04EC0-301F-11D3-BF4B-00C04F79EFBC}") = "02.RepeatStrings", "02.RepeatStrings\02.RepeatStrings.csproj", "{0E831F7B-3362-4E2C-A340-B5AE8D567227}"
EndProject
Project("{FAE04EC0-301F-11D3-BF4B-00C04F79EFBC}") = "03.Substring", "03.Substring\03.Substring.csproj", "{A023B681-70F5-4884-975D-094F80B92565}"
EndProject
Project("{FAE04EC0-301F-11D3-BF4B-00C04F79EFBC}") = "04.TextFilter", "04.TextFilter\04.TextFilter.csproj", "{E0ECB79A-23AC-4870-921F-BFB9497C2320}"
EndProject
Project("{FAE04EC0-301F-11D3-BF4B-00C04F79EFBC}") = "05.DigitsLettersAndOther", "05.DigitsLettersAndOther\05.DigitsLettersAndOther.csproj", "{08A4C9EC-CDE5-468F-91AC-5B63A8FE7888}"
EndProject
Project("{FAE04EC0-301F-11D3-BF4B-00C04F79EFBC}") = "06.MatchFullName", "06.MatchFullName\06.MatchFullName.csproj", "{8F978B17-9027-48A3-BEF9-7247A757BBF4}"
EndProject
Project("{FAE04EC0-301F-11D3-BF4B-00C04F79EFBC}") = "07.MatchDates", "07.MatchDates\07.MatchDates.csproj", "{39044BDA-7709-408D-B931-D46EAC8B9526}"
EndProject
Project("{FAE04EC0-301F-11D3-BF4B-00C04F79EFBC}") = "08.MatchPhoneNumber", "08.MatchPhoneNumber\08.MatchPhoneNumber.csproj", "{905B3770-162C-4FB5-8F6A-6C83B2D50C01}"
EndProject
Global
	GlobalSection(SolutionConfigurationPlatforms) = preSolution
		Debug|Any CPU = Debug|Any CPU
		Release|Any CPU = Release|Any CPU
	EndGlobalSection
	GlobalSection(ProjectConfigurationPlatforms) = postSolution
		{B6E432A0-4C44-4658-BE32-A26EC591F4CE}.Debug|Any CPU.ActiveCfg = Debug|Any CPU
		{B6E432A0-4C44-4658-BE32-A26EC591F4CE}.Debug|Any CPU.Build.0 = Debug|Any CPU
		{B6E432A0-4C44-4658-BE32-A26EC591F4CE}.Release|Any CPU.ActiveCfg = Release|Any CPU
		{B6E432A0-4C44-4658-BE32-A26EC591F4CE}.Release|Any CPU.Build.0 = Release|Any CPU
		{0E831F7B-3362-4E2C-A340-B5AE8D567227}.Debug|Any CPU.ActiveCfg = Debug|Any CPU
		{0E831F7B-3362-4E2C-A340-B5AE8D567227}.Debug|Any CPU.Build.0 = Debug|Any CPU
		{0E831F7B-3362-4E2C-A340-B5AE8D567227}.Release|Any CPU.ActiveCfg = Release|Any CPU
		{0E831F7B-3362-4E2C-A340-B5AE8D567227}.Release|Any CPU.Build.0 = Release|Any CPU
		{A023B681-70F5-4884-975D-094F80B92565}.Debug|Any CPU.ActiveCfg = Debug|Any CPU
		{A023B681-70F5-4884-975D-094F80B92565}.Debug|Any CPU.Build.0 = Debug|Any CPU
		{A023B681-70F5-4884-975D-094F80B92565}.Release|Any CPU.ActiveCfg = Release|Any CPU
		{A023B681-70F5-4884-975D-094F80B92565}.Release|Any CPU.Build.0 = Release|Any CPU
		{E0ECB79A-23AC-4870-921F-BFB9497C2320}.Debug|Any CPU.ActiveCfg = Debug|Any CPU
		{E0ECB79A-23AC-4870-921F-BFB9497C2320}.Debug|Any CPU.Build.0 = Debug|Any CPU
		{E0ECB79A-23AC-4870-921F-BFB9497C2320}.Release|Any CPU.ActiveCfg = Release|Any CPU
		{E0ECB79A-23AC-4870-921F-BFB9497C2320}.Release|Any CPU.Build.0 = Release|Any CPU
		{08A4C9EC-CDE5-468F-91AC-5B63A8FE7888}.Debug|Any CPU.ActiveCfg = Debug|Any CPU
		{08A4C9EC-CDE5-468F-91AC-5B63A8FE7888}.Debug|Any CPU.Build.0 = Debug|Any CPU
		{08A4C9EC-CDE5-468F-91AC-5B63A8FE7888}.Release|Any CPU.ActiveCfg = Release|Any CPU
		{08A4C9EC-CDE5-468F-91AC-5B63A8FE7888}.Release|Any CPU.Build.0 = Release|Any CPU
		{8F978B17-9027-48A3-BEF9-7247A757BBF4}.Debug|Any CPU.ActiveCfg = Debug|Any CPU
		{8F978B17-9027-48A3-BEF9-7247A757BBF4}.Debug|Any CPU.Build.0 = Debug|Any CPU
		{8F978B17-9027-48A3-BEF9-7247A757BBF4}.Release|Any CPU.ActiveCfg = Release|Any CPU
		{8F978B17-9027-48A3-BEF9-7247A757BBF4}.Release|Any CPU.Build.0 = Release|Any CPU
		{39044BDA-7709-408D-B931-D46EAC8B9526}.Debug|Any CPU.ActiveCfg = Debug|Any CPU
		{39044BDA-7709-408D-B931-D46EAC8B9526}.Debug|Any CPU.Build.0 = Debug|Any CPU
		{39044BDA-7709-408D-B931-D46EAC8B9526}.Release|Any CPU.ActiveCfg = Release|Any CPU
		{39044BDA-7709-408D-B931-D46EAC8B9526}.Release|Any CPU.Build.0 = Release|Any CPU
		{905B3770-162C-4FB5-8F6A-6C83B2D50C01}.Debug|Any CPU.ActiveCfg = Debug|Any CPU
		{905B3770-162C-4FB5-8F6A-6C83B2D50C01}.Debug|Any CPU.Build.0 = Debug|Any CPU
		{905B3770-162C-4FB5-8F6A-6C83B2D50C01}.Release|Any CPU.ActiveCfg = Release|Any CPU
		{905B3770-162C-4FB5-8F6A-6C83B2D50C01}.Release|Any CPU.Build.0 = Release|Any CPU
	EndGlobalSection
	GlobalSection(SolutionProperties) = preSolution
		HideSolutionNode = FALSE
	EndGlobalSection
	GlobalSection(ExtensibilityGlobals) = postSolution
		SolutionGuid = {11785C1B-2105-4809-90B3-BB78581753DC}
	EndGlobalSection
EndGlobal
